{
    "_meta": {
        "hash": {
            "sha256": "9e4e407622ab06a567d3e1dc5cc57f3123461122ecf1886cf33c0063d7031932"
        },
        "pipfile-spec": 6,
        "requires": {
            "python_version": "3.9"
        },
        "sources": [
            {
                "name": "pypi",
                "url": "https://pypi.org/simple",
                "verify_ssl": true
            }
        ]
    },
    "default": {
        "natsort": {
            "hashes": [
                "sha256:00c603a42365830c4722a2eb7663a25919551217ec09a243d3399fa8dd4ac403",
                "sha256:d0f4fc06ca163fa4a5ef638d9bf111c67f65eedcc7920f98dec08e489045b67e"
            ],
            "index": "pypi",
            "version": "==7.1.1"
        },
        "xlrd": {
            "hashes": [
                "sha256:546eb36cee8db40c3eaa46c351e67ffee6eeb5fa2650b71bc4c758a29a1b29b2",
                "sha256:e551fb498759fa3a5384a94ccd4c3c02eb7c00ea424426e212ac0c57be9dfbde"
            ],
            "index": "pypi",
            "version": "==1.2.0"
        }
    },
    "develop": {}
}
